
Microsoft Visual Studio Solution File, Format Version 12.00
# Visual Studio Version 17
VisualStudioVersion = 17.14.36203.30 d17.14
MinimumVisualStudioVersion = 10.0.40219.1
Project("{FAE04EC0-301F-11D3-BF4B-00C04F79EFBC}") = "HadWPF", "HadWPF\HadWPF.csproj", "{B19FEF4C-F188-481B-8356-9A5F9AB6FAF8}"
EndProject
Global
	GlobalSection(SolutionConfigurationPlatforms) = preSolution
		Debug|Any CPU = Debug|Any CPU
		Release|Any CPU = Release|Any CPU
	EndGlobalSection
	GlobalSection(ProjectConfigurationPlatforms) = postSolution
		{B19FEF4C-F188-481B-8356-9A5F9AB6FAF8}.Debug|Any CPU.ActiveCfg = Debug|Any CPU
		{B19FEF4C-F188-481B-8356-9A5F9AB6FAF8}.Debug|Any CPU.Build.0 = Debug|Any CPU
		{B19FEF4C-F188-481B-8356-9A5F9AB6FAF8}.Release|Any CPU.ActiveCfg = Release|Any CPU
		{B19FEF4C-F188-481B-8356-9A5F9AB6FAF8}.Release|Any CPU.Build.0 = Release|Any CPU
	EndGlobalSection
	GlobalSection(SolutionProperties) = preSolution
		HideSolutionNode = FALSE
	EndGlobalSection
	GlobalSection(ExtensibilityGlobals) = postSolution
		SolutionGuid = {2A61D12E-19B6-47BC-A0F7-6742AAED8F62}
	EndGlobalSection
EndGlobal
